Microsoft Visual Studio Solution File, Format Version 12.00
# Visual Studio Version 17
VisualStudioVersion = 17.5.2.0
MinimumVisualStudioVersion = 10.0.40219.1
Project("{2150E333-8FDC-42A3-9474-1A3956D46DE8}") = "api", "api", "{D82C56D6-B2CD-F611-9E31-04638F7EC30E}"
EndProject
Project("{FAE04EC0-301F-11D3-BF4B-00C04F79EFBC}") = "InternManager.Api", "api\InternManager.Api.csproj", "{BB86268A-841A-1299-A5B6-F1D45FBB4B96}"
EndProject
Global
	GlobalSection(SolutionConfigurationPlatforms) = preSolution
		Debug|Any CPU = Debug|Any CPU
		Release|Any CPU = Release|Any CPU
	EndGlobalSection
	GlobalSection(ProjectConfigurationPlatforms) = postSolution
		{BB86268A-841A-1299-A5B6-F1D45FBB4B96}.Debug|Any CPU.ActiveCfg = Debug|Any CPU
		{BB86268A-841A-1299-A5B6-F1D45FBB4B96}.Debug|Any CPU.Build.0 = Debug|Any CPU
		{BB86268A-841A-1299-A5B6-F1D45FBB4B96}.Release|Any CPU.ActiveCfg = Release|Any CPU
		{BB86268A-841A-1299-A5B6-F1D45FBB4B96}.Release|Any CPU.Build.0 = Release|Any CPU
	EndGlobalSection
	GlobalSection(SolutionProperties) = preSolution
		HideSolutionNode = FALSE
	EndGlobalSection
	GlobalSection(NestedProjects) = preSolution
		{BB86268A-841A-1299-A5B6-F1D45FBB4B96} = {D82C56D6-B2CD-F611-9E31-04638F7EC30E}
	EndGlobalSection
	GlobalSection(ExtensibilityGlobals) = postSolution
		SolutionGuid = {06D1107E-2101-4DE0-ABF2-7675EC9B25F2}
	EndGlobalSection
EndGlobal
